
Microsoft Visual Studio Solution File, Format Version 12.00
# Visual Studio Version 17
VisualStudioVersion = 17.1.32407.343
MinimumVisualStudioVersion = 10.0.40219.1
Project("{FAE04EC0-301F-11D3-BF4B-00C04F79EFBC}") = "PizzaStoreManagement", "PizzaStoreManagement\PizzaStoreManagement.csproj", "{F5FE5008-DB66-4F7E-BD1E-9E5F39F9BEB7}"
EndProject
Global
	GlobalSection(SolutionConfigurationPlatforms) = preSolution
		Debug|Any CPU = Debug|Any CPU
		Release|Any CPU = Release|Any CPU
	EndGlobalSection
	GlobalSection(ProjectConfigurationPlatforms) = postSolution
		{F5FE5008-DB66-4F7E-BD1E-9E5F39F9BEB7}.Debug|Any CPU.ActiveCfg = Debug|Any CPU
		{F5FE5008-DB66-4F7E-BD1E-9E5F39F9BEB7}.Debug|Any CPU.Build.0 = Debug|Any CPU
		{F5FE5008-DB66-4F7E-BD1E-9E5F39F9BEB7}.Release|Any CPU.ActiveCfg = Release|Any CPU
		{F5FE5008-DB66-4F7E-BD1E-9E5F39F9BEB7}.Release|Any CPU.Build.0 = Release|Any CPU
	EndGlobalSection
	GlobalSection(SolutionProperties) = preSolution
		HideSolutionNode = FALSE
	EndGlobalSection
	GlobalSection(ExtensibilityGlobals) = postSolution
		SolutionGuid = {218F9FB8-D3A4-45DE-9D00-86C1DF34CBE9}
	EndGlobalSection
EndGlobal
